
Microsoft Visual Studio Solution File, Format Version 12.00
# Visual Studio Version 17
VisualStudioVersion = 17.10.35122.118
MinimumVisualStudioVersion = 10.0.40219.1
Project("{FAE04EC0-301F-11D3-BF4B-00C04F79EFBC}") = "AdamAsmaca", "AdamAsmaca\AdamAsmaca.csproj", "{9F51541A-3F47-41B6-A9DC-D0A28F6D235C}"
EndProject
Global
	GlobalSection(SolutionConfigurationPlatforms) = preSolution
		Debug|Any CPU = Debug|Any CPU
		Release|Any CPU = Release|Any CPU
	EndGlobalSection
	GlobalSection(ProjectConfigurationPlatforms) = postSolution
		{9F51541A-3F47-41B6-A9DC-D0A28F6D235C}.Debug|Any CPU.ActiveCfg = Debug|Any CPU
		{9F51541A-3F47-41B6-A9DC-D0A28F6D235C}.Debug|Any CPU.Build.0 = Debug|Any CPU
		{9F51541A-3F47-41B6-A9DC-D0A28F6D235C}.Release|Any CPU.ActiveCfg = Release|Any CPU
		{9F51541A-3F47-41B6-A9DC-D0A28F6D235C}.Release|Any CPU.Build.0 = Release|Any CPU
	EndGlobalSection
	GlobalSection(SolutionProperties) = preSolution
		HideSolutionNode = FALSE
	EndGlobalSection
	GlobalSection(ExtensibilityGlobals) = postSolution
		SolutionGuid = {26267378-299B-49DA-A6E8-D5CC89E890F7}
	EndGlobalSection
EndGlobal
